
Microsoft Visual Studio Solution File, Format Version 12.00
# Visual Studio Version 16
VisualStudioVersion = 16.0.31613.86
MinimumVisualStudioVersion = 10.0.40219.1
Project("{FAE04EC0-301F-11D3-BF4B-00C04F79EFBC}") = "BlogApp.Web", "BlogApp.Web\BlogApp.Web.csproj", "{D7D387B4-0FD8-49B8-AD1F-468DF742AB34}"
EndProject
Project("{FAE04EC0-301F-11D3-BF4B-00C04F79EFBC}") = "BlogApp.Entities", "BlogApp.Entities\BlogApp.Entities.csproj", "{4F09AFED-C97A-451C-BF90-6313D3FA8E2F}"
EndProject
Project("{FAE04EC0-301F-11D3-BF4B-00C04F79EFBC}") = "BlogApp.Data", "BlogApp.Data\BlogApp.Data.csproj", "{BFB70CB6-2535-4837-BA2F-8B8830C115AA}"
EndProject
Project("{FAE04EC0-301F-11D3-BF4B-00C04F79EFBC}") = "BlogApp.Services", "BlogApp.Services\BlogApp.Services.csproj", "{13B18791-2A17-4808-9CAC-61C81AEE16DB}"
EndProject
Project("{FAE04EC0-301F-11D3-BF4B-00C04F79EFBC}") = "BlogApp.Shared", "BlogApp.Shared\BlogApp.Shared.csproj", "{650AC53C-1A73-45E8-A317-430C4D56807D}"
EndProject
Global
	GlobalSection(SolutionConfigurationPlatforms) = preSolution
		Debug|Any CPU = Debug|Any CPU
		Release|Any CPU = Release|Any CPU
	EndGlobalSection
	GlobalSection(ProjectConfigurationPlatforms) = postSolution
		{D7D387B4-0FD8-49B8-AD1F-468DF742AB34}.Debug|Any CPU.ActiveCfg = Debug|Any CPU
		{D7D387B4-0FD8-49B8-AD1F-468DF742AB34}.Debug|Any CPU.Build.0 = Debug|Any CPU
		{D7D387B4-0FD8-49B8-AD1F-468DF742AB34}.Release|Any CPU.ActiveCfg = Release|Any CPU
		{D7D387B4-0FD8-49B8-AD1F-468DF742AB34}.Release|Any CPU.Build.0 = Release|Any CPU
		{4F09AFED-C97A-451C-BF90-6313D3FA8E2F}.Debug|Any CPU.ActiveCfg = Debug|Any CPU
		{4F09AFED-C97A-451C-BF90-6313D3FA8E2F}.Debug|Any CPU.Build.0 = Debug|Any CPU
		{4F09AFED-C97A-451C-BF90-6313D3FA8E2F}.Release|Any CPU.ActiveCfg = Release|Any CPU
		{4F09AFED-C97A-451C-BF90-6313D3FA8E2F}.Release|Any CPU.Build.0 = Release|Any CPU
		{BFB70CB6-2535-4837-BA2F-8B8830C115AA}.Debug|Any CPU.ActiveCfg = Debug|Any CPU
		{BFB70CB6-2535-4837-BA2F-8B8830C115AA}.Debug|Any CPU.Build.0 = Debug|Any CPU
		{BFB70CB6-2535-4837-BA2F-8B8830C115AA}.Release|Any CPU.ActiveCfg = Release|Any CPU
		{BFB70CB6-2535-4837-BA2F-8B8830C115AA}.Release|Any CPU.Build.0 = Release|Any CPU
		{13B18791-2A17-4808-9CAC-61C81AEE16DB}.Debug|Any CPU.ActiveCfg = Debug|Any CPU
		{13B18791-2A17-4808-9CAC-61C81AEE16DB}.Debug|Any CPU.Build.0 = Debug|Any CPU
		{13B18791-2A17-4808-9CAC-61C81AEE16DB}.Release|Any CPU.ActiveCfg = Release|Any CPU
		{13B18791-2A17-4808-9CAC-61C81AEE16DB}.Release|Any CPU.Build.0 = Release|Any CPU
		{650AC53C-1A73-45E8-A317-430C4D56807D}.Debug|Any CPU.ActiveCfg = Debug|Any CPU
		{650AC53C-1A73-45E8-A317-430C4D56807D}.Debug|Any CPU.Build.0 = Debug|Any CPU
		{650AC53C-1A73-45E8-A317-430C4D56807D}.Release|Any CPU.ActiveCfg = Release|Any CPU
		{650AC53C-1A73-45E8-A317-430C4D56807D}.Release|Any CPU.Build.0 = Release|Any CPU
	EndGlobalSection
	GlobalSection(SolutionProperties) = preSolution
		HideSolutionNode = FALSE
	EndGlobalSection
	GlobalSection(ExtensibilityGlobals) = postSolution
		SolutionGuid = {7D91BDE5-A118-4441-B681-DA89BBF4C9A5}
	EndGlobalSection
EndGlobal
